// !$*UTF8*$!
{
	archiveVersion = 1;
	classes = {
	};
	objectVersion = 46;
	objects = {

/* Begin PBXBuildFile section */
		0C0E26751E6894A5000A36AF /* SnapsViewController.swift in Sources */ = {isa = PBXBuildFile; fileRef = 0C0E26741E6894A5000A36AF /* SnapsViewController.swift */; };
		0C0E26791E68987E000A36AF /* PictureViewController.swift in Sources */ = {isa = PBXBuildFile; fileRef = 0C0E26781E68987E000A36AF /* PictureViewController.swift */; };
		0C1315AE1E65FC26007DC695 /* AppDelegate.swift in Sources */ = {isa = PBXBuildFile; fileRef = 0C1315AD1E65FC26007DC695 /* AppDelegate.swift */; };
		0C1315B01E65FC26007DC695 /* SignInViewController.swift in Sources */ = {isa = PBXBuildFile; fileRef = 0C1315AF1E65FC26007DC695 /* SignInViewController.swift */; };
		0C1315B31E65FC26007DC695 /* Main.storyboard in Resources */ = {isa = PBXBuildFile; fileRef = 0C1315B11E65FC26007DC695 /* Main.storyboard */; };
		0C1315B51E65FC26007DC695 /* Assets.xcassets in Resources */ = {isa = PBXBuildFile; fileRef = 0C1315B41E65FC26007DC695 /* Assets.xcassets */; };
		0C1315B81E65FC26007DC695 /* LaunchScreen.storyboard in Resources */ = {isa = PBXBuildFile; fileRef = 0C1315B61E65FC26007DC695 /* LaunchScreen.storyboard */; };
		0C1315C01E65FEE0007DC695 /* GoogleService-Info.plist in Resources */ = {isa = PBXBuildFile; fileRef = 0C1315BF1E65FEE0007DC695 /* GoogleService-Info.plist */; };
		0C56EC011E6A8CAF000521A9 /* Snap.swift in Sources */ = {isa = PBXBuildFile; fileRef = 0C56EC001E6A8CAF000521A9 /* Snap.swift */; };
		0C57BD011E69DEA3002400B9 /* SelectUserViewController.swift in Sources */ = {isa = PBXBuildFile; fileRef = 0C57BD001E69DEA3002400B9 /* SelectUserViewController.swift */; };
		0C57BD031E69E504002400B9 /* Utility.swift in Sources */ = {isa = PBXBuildFile; fileRef = 0C57BD021E69E504002400B9 /* Utility.swift */; };
		0C57BD071E69EF12002400B9 /* Users.swift in Sources */ = {isa = PBXBuildFile; fileRef = 0C57BD061E69EF12002400B9 /* Users.swift */; };
		3B2FDD40FF0E934CBC32CA67 /* Pods_PopChat.framework in Frameworks */ = {isa = PBXBuildFile; fileRef = EBA97D5CD0DD09B9C3C0FB0E /* Pods_PopChat.framework */; };
/* End PBXBuildFile section */

/* Begin PBXFileReference section */
		012B65EE4B8D10514D198352 /* Pods-PopChat.debug.xcconfig */ = {isa = PBXFileReference; includeInIndex = 1; lastKnownFileType = text.xcconfig; name = "Pods-PopChat.debug.xcconfig"; path = "Pods/Target Support Files/Pods-PopChat/Pods-PopChat.debug.xcconfig"; sourceTree = "<group>"; };
		0C0E26741E6894A5000A36AF /* SnapsViewController.swift */ = {isa = PBXFileReference; fileEncoding = 4; lastKnownFileType = sourcecode.swift; path = SnapsViewController.swift; sourceTree = "<group>"; };
		0C0E26781E68987E000A36AF /* PictureViewController.swift */ = {isa = PBXFileReference; fileEncoding = 4; lastKnownFileType = sourcecode.swift; path = PictureViewController.swift; sourceTree = "<group>"; };
		0C1315AA1E65FC26007DC695 /* PopChat.app */ = {isa = PBXFileReference; explicitFileType = wrapper.application; includeInIndex = 0; path = PopChat.app; sourceTree = BUILT_PRODUCTS_DIR; };
		0C1315AD1E65FC26007DC695 /* AppDelegate.swift */ = {isa = PBXFileReference; lastKnownFileType = sourcecode.swift; path = AppDelegate.swift; sourceTree = "<group>"; };
		0C1315AF1E65FC26007DC695 /* SignInViewController.swift */ = {isa = PBXFileReference; lastKnownFileType = sourcecode.swift; path = SignInViewController.swift; sourceTree = "<group>"; };
		0C1315B21E65FC26007DC695 /* Base */ = {isa = PBXFileReference; lastKnownFileType = file.storyboard; name = Base; path = Base.lproj/Main.storyboard; sourceTree = "<group>"; };
		0C1315B41E65FC26007DC695 /* Assets.xcassets */ = {isa = PBXFileReference; lastKnownFileType = folder.assetcatalog; path = Assets.xcassets; sourceTree = "<group>"; };
		0C1315B71E65FC26007DC695 /* Base */ = {isa = PBXFileReference; lastKnownFileType = file.storyboard; name = Base; path = Base.lproj/LaunchScreen.storyboard; sourceTree = "<group>"; };
		0C1315B91E65FC26007DC695 /* Info.plist */ = {isa = PBXFileReference; lastKnownFileType = text.plist.xml; path = Info.plist; sourceTree = "<group>"; };
		0C1315BF1E65FEE0007DC695 /* GoogleService-Info.plist */ = {isa = PBXFileReference; fileEncoding = 4; lastKnownFileType = text.plist.xml; path = "GoogleService-Info.plist"; sourceTree = "<group>"; };
		0C56EC001E6A8CAF000521A9 /* Snap.swift */ = {isa = PBXFileReference; fileEncoding = 4; lastKnownFileType = sourcecode.swift; path = Snap.swift; sourceTree = "<group>"; };
		0C57BD001E69DEA3002400B9 /* SelectUserViewController.swift */ = {isa = PBXFileReference; fileEncoding = 4; lastKnownFileType = sourcecode.swift; path = SelectUserViewController.swift; sourceTree = "<group>"; };
		0C57BD021E69E504002400B9 /* Utility.swift */ = {isa = PBXFileReference; fileEncoding = 4; lastKnownFileType = sourcecode.swift; path = Utility.swift; sourceTree = "<group>"; };
		0C57BD061E69EF12002400B9 /* Users.swift */ = {isa = PBXFileReference; fileEncoding = 4; lastKnownFileType = sourcecode.swift; path = Users.swift; sourceTree = "<group>"; };
		A910FCB0FC277D970A0A6374 /* Pods-PopChat.release.xcconfig */ = {isa = PBXFileReference; includeInIndex = 1; lastKnownFileType = text.xcconfig; name = "Pods-PopChat.release.xcconfig"; path = "Pods/Target Support Files/Pods-PopChat/Pods-PopChat.release.xcconfig"; sourceTree = "<group>"; };
		EBA97D5CD0DD09B9C3C0FB0E /* Pods_PopChat.framework */ = {isa = PBXFileReference; explicitFileType = wrapper.framework; includeInIndex = 0; path = Pods_PopChat.framework; sourceTree = BUILT_PRODUCTS_DIR; };
/* End PBXFileReference section */

/* Begin PBXFrameworksBuildPhase section */
		0C1315A71E65FC26007DC695 /* Frameworks */ = {
			isa = PBXFrameworksBuildPhase;
			buildActionMask = 2147483647;
			files = (
				3B2FDD40FF0E934CBC32CA67 /* Pods_PopChat.framework in Frameworks */,
			);
			runOnlyForDeploymentPostprocessing = 0;
		};
/* End PBXFrameworksBuildPhase section */

/* Begin PBXGroup section */
		0C1315A11E65FC26007DC695 = {
			isa = PBXGroup;
			children = (
				0C1315AC1E65FC26007DC695 /* PopChat */,
				0C1315AB1E65FC26007DC695 /* Products */,
				B7A809AA991B6E441EEAEB3B /* Pods */,
				10BE71A3E673F88040790466 /* Frameworks */,
			);
			sourceTree = "<group>";
		};
		0C1315AB1E65FC26007DC695 /* Products */ = {
			isa = PBXGroup;
			children = (
				0C1315AA1E65FC26007DC695 /* PopChat.app */,
			);
			name = Products;
			sourceTree = "<group>";
		};
		0C1315AC1E65FC26007DC695 /* PopChat */ = {
			isa = PBXGroup;
			children = (
				0C57BD051E69E9D3002400B9 /* Models */,
				0C57BD041E69E9B8002400B9 /* ViewControllers */,
				0C1315AD1E65FC26007DC695 /* AppDelegate.swift */,
				0C57BD021E69E504002400B9 /* Utility.swift */,
				0C1315B11E65FC26007DC695 /* Main.storyboard */,
				0C1315B41E65FC26007DC695 /* Assets.xcassets */,
				0C1315B61E65FC26007DC695 /* LaunchScreen.storyboard */,
				0C1315B91E65FC26007DC695 /* Info.plist */,
				0C1315BF1E65FEE0007DC695 /* GoogleService-Info.plist */,
			);
			path = PopChat;
			sourceTree = "<group>";
		};
		0C57BD041E69E9B8002400B9 /* ViewControllers */ = {
			isa = PBXGroup;
			children = (
				0C1315AF1E65FC26007DC695 /* SignInViewController.swift */,
				0C0E26741E6894A5000A36AF /* SnapsViewController.swift */,
				0C0E26781E68987E000A36AF /* PictureViewController.swift */,
				0C57BD001E69DEA3002400B9 /* SelectUserViewController.swift */,
			);
			name = ViewControllers;
			sourceTree = "<group>";
		};
		0C57BD051E69E9D3002400B9 /* Models */ = {
			isa = PBXGroup;
			children = (
				0C57BD061E69EF12002400B9 /* Users.swift */,
				0C56EC001E6A8CAF000521A9 /* Snap.swift */,
			);
			name = Models;
			sourceTree = "<group>";
		};
		10BE71A3E673F88040790466 /* Frameworks */ = {
			isa = PBXGroup;
			children = (
				EBA97D5CD0DD09B9C3C0FB0E /* Pods_PopChat.framework */,
			);
			name = Frameworks;
			sourceTree = "<group>";
		};
		B7A809AA991B6E441EEAEB3B /* Pods */ = {
			isa = PBXGroup;
			children = (
				012B65EE4B8D10514D198352 /* Pods-PopChat.debug.xcconfig */,
				A910FCB0FC277D970A0A6374 /* Pods-PopChat.release.xcconfig */,
			);
			name = Pods;
			sourceTree = "<group>";
		};
/* End PBXGroup section */

/* Begin PBXNativeTarget section */
		0C1315A91E65FC26007DC695 /* PopChat */ = {
			isa = PBXNativeTarget;
			buildConfigurationList = 0C1315BC1E65FC26007DC695 /* Build configuration list for PBXNativeTarget "PopChat" */;
			buildPhases = (
				3D085979C1035E37D0225DED /* [CP] Check Pods Manifest.lock */,
				0C1315A61E65FC26007DC695 /* Sources */,
				0C1315A71E65FC26007DC695 /* Frameworks */,
				0C1315A81E65FC26007DC695 /* Resources */,
				E08D4969053C7D53FBAB97FF /* [CP] Embed Pods Frameworks */,
				BBFAB97A64FC3CF30F66FA9E /* [CP] Copy Pods Resources */,
			);
			buildRules = (
			);
			dependencies = (
			);
			name = PopChat;
			productName = PopChat;
			productReference = 0C1315AA1E65FC26007DC695 /* PopChat.app */;
			productType = "com.apple.product-type.application";
		};
/* End PBXNativeTarget section */

/* Begin PBXProject section */
		0C1315A21E65FC26007DC695 /* Project object */ = {
			isa = PBXProject;
			attributes = {
				LastSwiftUpdateCheck = 0800;
				LastUpgradeCheck = 0800;
				ORGANIZATIONNAME = "KR DEVARAJAN NAIR";
				TargetAttributes = {
					0C1315A91E65FC26007DC695 = {
						CreatedOnToolsVersion = 8.0;
						DevelopmentTeam = UHP6HQ52JT;
						ProvisioningStyle = Automatic;
					};
				};
			};
			buildConfigurationList = 0C1315A51E65FC26007DC695 /* Build configuration list for PBXProject "PopChat" */;
			compatibilityVersion = "Xcode 3.2";
			developmentRegion = English;
			hasScannedForEncodings = 0;
			knownRegions = (
				en,
				Base,
			);
			mainGroup = 0C1315A11E65FC26007DC695;
			productRefGroup = 0C1315AB1E65FC26007DC695 /* Products */;
			projectDirPath = "";
			projectRoot = "";
			targets = (
				0C1315A91E65FC26007DC695 /* PopChat */,
			);
		};
/* End PBXProject section */

/* Begin PBXResourcesBuildPhase section */
		0C1315A81E65FC26007DC695 /* Resources */ = {
			isa = PBXResourcesBuildPhase;
			buildActionMask = 2147483647;
			files = (
				0C1315B81E65FC26007DC695 /* LaunchScreen.storyboard in Resources */,
				0C1315C01E65FEE0007DC695 /* GoogleService-Info.plist in Resources */,
				0C1315B51E65FC26007DC695 /* Assets.xcassets in Resources */,
				0C1315B31E65FC26007DC695 /* Main.storyboard in Resources */,
			);
			runOnlyForDeploymentPostprocessing = 0;
		};
/* End PBXResourcesBuildPhase section */

/* Begin PBXShellScriptBuildPhase section */
		3D085979C1035E37D0225DED /* [CP] Check Pods Manifest.lock */ = {
			isa = PBXShellScriptBuildPhase;
			buildActionMask = 2147483647;
			files = (
			);
			inputPaths = (
			);
			name = "[CP] Check Pods Manifest.lock";
			outputPaths = (
			);
			runOnlyForDeploymentPostprocessing = 0;
			shellPath = /bin/sh;
			shellScript = "diff \"${PODS_ROOT}/../Podfile.lock\" \"${PODS_ROOT}/Manifest.lock\" > /dev/null\nif [ $? != 0 ] ; then\n    # print error to STDERR\n    echo \"error: The sandbox is not in sync with the Podfile.lock. Run 'pod install' or update your CocoaPods installation.\" >&2\n    exit 1\nfi\n";
			showEnvVarsInLog = 0;
		};
		BBFAB97A64FC3CF30F66FA9E /* [CP] Copy Pods Resources */ = {
			isa = PBXShellScriptBuildPhase;
			buildActionMask = 2147483647;
			files = (
			);
			inputPaths = (
			);
			name = "[CP] Copy Pods Resources";
			outputPaths = (
			);
			runOnlyForDeploymentPostprocessing = 0;
			shellPath = /bin/sh;
			shellScript = "\"${SRCROOT}/Pods/Target Support Files/Pods-PopChat/Pods-PopChat-resources.sh\"\n";
			showEnvVarsInLog = 0;
		};
		E08D4969053C7D53FBAB97FF /* [CP] Embed Pods Frameworks */ = {
			isa = PBXShellScriptBuildPhase;
			buildActionMask = 2147483647;
			files = (
			);
			inputPaths = (
			);
			name = "[CP] Embed Pods Frameworks";
			outputPaths = (
			);
			runOnlyForDeploymentPostprocessing = 0;
			shellPath = /bin/sh;
			shellScript = "\"${SRCROOT}/Pods/Target Support Files/Pods-PopChat/Pods-PopChat-frameworks.sh\"\n";
			showEnvVarsInLog = 0;
		};
/* End PBXShellScriptBuildPhase section */

/* Begin PBXSourcesBuildPhase section */
		0C1315A61E65FC26007DC695 /* Sources */ = {
			isa = PBXSourcesBuildPhase;
			buildActionMask = 2147483647;
			files = (
				0C1315B01E65FC26007DC695 /* SignInViewController.swift in Sources */,
				0C0E26791E68987E000A36AF /* PictureViewController.swift in Sources */,
				0C57BD031E69E504002400B9 /* Utility.swift in Sources */,
				0C57BD011E69DEA3002400B9 /* SelectUserViewController.swift in Sources */,
				0C1315AE1E65FC26007DC695 /* AppDelegate.swift in Sources */,
				0C0E26751E6894A5000A36AF /* SnapsViewController.swift in Sources */,
				0C57BD071E69EF12002400B9 /* Users.swift in Sources */,
				0C56EC011E6A8CAF000521A9 /* Snap.swift in Sources */,
			);
			runOnlyForDeploymentPostprocessing = 0;
		};
/* End PBXSourcesBuildPhase section */

/* Begin PBXVariantGroup section */
		0C1315B11E65FC26007DC695 /* Main.storyboard */ = {
			isa = PBXVariantGroup;
			children = (
				0C1315B21E65FC26007DC695 /* Base */,
			);
			name = Main.storyboard;
			sourceTree = "<group>";
		};
		0C1315B61E65FC26007DC695 /* LaunchScreen.storyboard */ = {
			isa = PBXVariantGroup;
			children = (
				0C1315B71E65FC26007DC695 /* Base */,
			);
			name = LaunchScreen.storyboard;
			sourceTree = "<group>";
		};
/* End PBXVariantGroup section */

/* Begin XCBuildConfiguration section */
		0C1315BA1E65FC26007DC695 /* Debug */ = {
			isa = XCBuildConfiguration;
			buildSettings = {
				ALWAYS_SEARCH_USER_PATHS = NO;
				CLANG_ANALYZER_NONNULL = YES;
				CLANG_CXX_LANGUAGE_STANDARD = "gnu++0x";
				CLANG_CXX_LIBRARY = "libc++";
				CLANG_ENABLE_MODULES = YES;
				CLANG_ENABLE_OBJC_ARC = YES;
				CLANG_WARN_BOOL_CONVERSION = YES;
				CLANG_WARN_CONSTANT_CONVERSION = YES;
				CLANG_WARN_DIRECT_OBJC_ISA_USAGE = YES_ERROR;
				CLANG_WARN_DOCUMENTATION_COMMENTS = YES;
				CLANG_WARN_EMPTY_BODY = YES;
				CLANG_WARN_ENUM_CONVERSION = YES;
				CLANG_WARN_INFINITE_RECURSION = YES;
				CLANG_WARN_INT_CONVERSION = YES;
				CLANG_WARN_OBJC_ROOT_CLASS = YES_ERROR;
				CLANG_WARN_SUSPICIOUS_MOVE = YES;
				CLANG_WARN_SUSPICIOUS_MOVES = YES;
				CLANG_WARN_UNREACHABLE_CODE = YES;
				CLANG_WARN__DUPLICATE_METHOD_MATCH = YES;
				"CODE_SIGN_IDENTITY[sdk=iphoneos*]" = "iPhone Developer";
				COPY_PHASE_STRIP = NO;
				DEBUG_INFORMATION_FORMAT = dwarf;
				ENABLE_STRICT_OBJC_MSGSEND = YES;
				ENABLE_TESTABILITY = YES;
				GCC_C_LANGUAGE_STANDARD = gnu99;
				GCC_DYNAMIC_NO_PIC = NO;
				GCC_NO_COMMON_BLOCKS = YES;
				GCC_OPTIMIZATION_LEVEL = 0;
				GCC_PREPROCESSOR_DEFINITIONS = (
					"DEBUG=1",
					"$(inherited)",
				);
				GCC_WARN_64_TO_32_BIT_CONVERSION = YES;
				GCC_WARN_ABOUT_RETURN_TYPE = YES_ERROR;
				GCC_WARN_UNDECLARED_SELECTOR = YES;
				GCC_WARN_UNINITIALIZED_AUTOS = YES_AGGRESSIVE;
				GCC_WARN_UNUSED_FUNCTION = YES;
				GCC_WARN_UNUSED_VARIABLE = YES;
				IPHONEOS_DEPLOYMENT_TARGET = 10.0;
				MTL_ENABLE_DEBUG_INFO = YES;
				ONLY_ACTIVE_ARCH = YES;
				SDKROOT = iphoneos;
				SWIFT_ACTIVE_COMPILATION_CONDITIONS = DEBUG;
				SWIFT_OPTIMIZATION_LEVEL = "-Onone";
				TARGETED_DEVICE_FAMILY = "1,2";
			};
			name = Debug;
		};
		0C1315BB1E65FC26007DC695 /* Release */ = {
			isa = XCBuildConfiguration;
			buildSettings = {
				ALWAYS_SEARCH_USER_PATHS = NO;
				CLANG_ANALYZER_NONNULL = YES;
				CLANG_CXX_LANGUAGE_STANDARD = "gnu++0x";
				CLANG_CXX_LIBRARY = "libc++";
				CLANG_ENABLE_MODULES = YES;
				CLANG_ENABLE_OBJC_ARC = YES;
				CLANG_WARN_BOOL_CONVERSION = YES;
				CLANG_WARN_CONSTANT_CONVERSION = YES;
				CLANG_WARN_DIRECT_OBJC_ISA_USAGE = YES_ERROR;
				CLANG_WARN_DOCUMENTATION_COMMENTS = YES;
				CLANG_WARN_EMPTY_BODY = YES;
				CLANG_WARN_ENUM_CONVERSION = YES;
				CLANG_WARN_INFINITE_RECURSION = YES;
				CLANG_WARN_INT_CONVERSION = YES;
				CLANG_WARN_OBJC_ROOT_CLASS = YES_ERROR;
				CLANG_WARN_SUSPICIOUS_MOVE = YES;
				CLANG_WARN_SUSPICIOUS_MOVES = YES;
				CLANG_WARN_UNREACHABLE_CODE = YES;
				CLANG_WARN__DUPLICATE_METHOD_MATCH = YES;
				"CODE_SIGN_IDENTITY[sdk=iphoneos*]" = "iPhone Developer";
				COPY_PHASE_STRIP = NO;
				DEBUG_INFORMATION_FORMAT = "dwarf-with-dsym";
				ENABLE_NS_ASSERTIONS = NO;
				ENABLE_STRICT_OBJC_MSGSEND = YES;
				GCC_C_LANGUAGE_STANDARD = gnu99;
				GCC_NO_COMMON_BLOCKS = YES;
				GCC_WARN_64_TO_32_BIT_CONVERSION = YES;
				GCC_WARN_ABOUT_RETURN_TYPE = YES_ERROR;
				GCC_WARN_UNDECLARED_SELECTOR = YES;
				GCC_WARN_UNINITIALIZED_AUTOS = YES_AGGRESSIVE;
				GCC_WARN_UNUSED_FUNCTION = YES;
				GCC_WARN_UNUSED_VARIABLE = YES;
				IPHONEOS_DEPLOYMENT_TARGET = 10.0;
				MTL_ENABLE_DEBUG_INFO = NO;
				SDKROOT = iphoneos;
				SWIFT_OPTIMIZATION_LEVEL = "-Owholemodule";
				TARGETED_DEVICE_FAMILY = "1,2";
				VALIDATE_PRODUCT = YES;
			};
			name = Release;
		};
		0C1315BD1E65FC26007DC695 /* Debug */ = {
			isa = XCBuildConfiguration;
			baseConfigurationReference = 012B65EE4B8D10514D198352 /* Pods-PopChat.debug.xcconfig */;
			buildSettings = {
				ASSETCATALOG_COMPILER_APPICON_NAME = AppIcon;
				DEVELOPMENT_TEAM = UHP6HQ52JT;
				INFOPLIST_FILE = PopChat/Info.plist;
				LD_RUNPATH_SEARCH_PATHS = "$(inherited) @executable_path/Frameworks";
				PRODUCT_BUNDLE_IDENTIFIER = Raj.PopChat;
				PRODUCT_NAME = "$(TARGET_NAME)";
				SWIFT_VERSION = 3.0;
			};
			name = Debug;
		};
		0C1315BE1E65FC26007DC695 /* Release */ = {
			isa = XCBuildConfiguration;
			baseConfigurationReference = A910FCB0FC277D970A0A6374 /* Pods-PopChat.release.xcconfig */;
			buildSettings = {
				ASSETCATALOG_COMPILER_APPICON_NAME = AppIcon;
				DEVELOPMENT_TEAM = UHP6HQ52JT;
				INFOPLIST_FILE = PopChat/Info.plist;
				LD_RUNPATH_SEARCH_PATHS = "$(inherited) @executable_path/Frameworks";
				PRODUCT_BUNDLE_IDENTIFIER = Raj.PopChat;
				PRODUCT_NAME = "$(TARGET_NAME)";
				SWIFT_VERSION = 3.0;
			};
			name = Release;
		};
/* End XCBuildConfiguration section */

/* Begin XCConfigurationList section */
		0C1315A51E65FC26007DC695 /* Build configuration list for PBXProject "PopChat" */ = {
			isa = XCConfigurationList;
			buildConfigurations = (
				0C1315BA1E65FC26007DC695 /* Debug */,
				0C1315BB1E65FC26007DC695 /* Release */,
			);
			defaultConfigurationIsVisible = 0;
			defaultConfigurationName = Release;
		};
		0C1315BC1E65FC26007DC695 /* Build configuration list for PBXNativeTarget "PopChat" */ = {
			isa = XCConfigurationList;
			buildConfigurations = (
				0C1315BD1E65FC26007DC695 /* Debug */,
				0C1315BE1E65FC26007DC695 /* Release */,
			);
			defaultConfigurationIsVisible = 0;
			defaultConfigurationName = Release;
		};
/* End XCConfigurationList section */
	};
	rootObject = 0C1315A21E65FC26007DC695 /* Project object */;
}
